
Microsoft Visual Studio Solution File, Format Version 12.00
# Visual Studio Version 17
VisualStudioVersion = 17.7.34003.232
MinimumVisualStudioVersion = 10.0.40219.1
Project("{FAE04EC0-301F-11D3-BF4B-00C04F79EFBC}") = "UrlPrieto", "UrlPrieto\UrlPrieto.csproj", "{59E65AE1-4C60-4BFE-AB39-05020B40DB9A}"
EndProject
Global
	GlobalSection(SolutionConfigurationPlatforms) = preSolution
		Debug|Any CPU = Debug|Any CPU
		Release|Any CPU = Release|Any CPU
	EndGlobalSection
	GlobalSection(ProjectConfigurationPlatforms) = postSolution
		{59E65AE1-4C60-4BFE-AB39-05020B40DB9A}.Debug|Any CPU.ActiveCfg = Debug|Any CPU
		{59E65AE1-4C60-4BFE-AB39-05020B40DB9A}.Debug|Any CPU.Build.0 = Debug|Any CPU
		{59E65AE1-4C60-4BFE-AB39-05020B40DB9A}.Release|Any CPU.ActiveCfg = Release|Any CPU
		{59E65AE1-4C60-4BFE-AB39-05020B40DB9A}.Release|Any CPU.Build.0 = Release|Any CPU
	EndGlobalSection
	GlobalSection(SolutionProperties) = preSolution
		HideSolutionNode = FALSE
	EndGlobalSection
	GlobalSection(ExtensibilityGlobals) = postSolution
		SolutionGuid = {8BDA7443-8913-4F8F-A3C2-F7F451D9D963}
	EndGlobalSection
EndGlobal
